
Microsoft Visual Studio Solution File, Format Version 12.00
# Visual Studio Version 17
VisualStudioVersion = 17.1.32210.238
MinimumVisualStudioVersion = 10.0.40219.1
Project("{FAE04EC0-301F-11D3-BF4B-00C04F79EFBC}") = "KomodoInsuranceProject", "KomodoInsuranceProject\KomodoInsuranceProject.csproj", "{C9134888-09E6-4EF8-96A0-40080D532BE3}"
EndProject
Project("{FAE04EC0-301F-11D3-BF4B-00C04F79EFBC}") = "DevConsoleApp", "DevConsoleApp\DevConsoleApp.csproj", "{04B35A3A-07A0-4E48-A11A-B6D1302EF90D}"
EndProject
Global
	GlobalSection(SolutionConfigurationPlatforms) = preSolution
		Debug|Any CPU = Debug|Any CPU
		Release|Any CPU = Release|Any CPU
	EndGlobalSection
	GlobalSection(ProjectConfigurationPlatforms) = postSolution
		{C9134888-09E6-4EF8-96A0-40080D532BE3}.Debug|Any CPU.ActiveCfg = Debug|Any CPU
		{C9134888-09E6-4EF8-96A0-40080D532BE3}.Debug|Any CPU.Build.0 = Debug|Any CPU
		{C9134888-09E6-4EF8-96A0-40080D532BE3}.Release|Any CPU.ActiveCfg = Release|Any CPU
		{C9134888-09E6-4EF8-96A0-40080D532BE3}.Release|Any CPU.Build.0 = Release|Any CPU
		{04B35A3A-07A0-4E48-A11A-B6D1302EF90D}.Debug|Any CPU.ActiveCfg = Debug|Any CPU
		{04B35A3A-07A0-4E48-A11A-B6D1302EF90D}.Debug|Any CPU.Build.0 = Debug|Any CPU
		{04B35A3A-07A0-4E48-A11A-B6D1302EF90D}.Release|Any CPU.ActiveCfg = Release|Any CPU
		{04B35A3A-07A0-4E48-A11A-B6D1302EF90D}.Release|Any CPU.Build.0 = Release|Any CPU
	EndGlobalSection
	GlobalSection(SolutionProperties) = preSolution
		HideSolutionNode = FALSE
	EndGlobalSection
	GlobalSection(ExtensibilityGlobals) = postSolution
		SolutionGuid = {84321FF4-615D-4068-9804-6A3F0B33DBF0}
	EndGlobalSection
EndGlobal
